
Microsoft Visual Studio Solution File, Format Version 12.00
# Visual Studio 2012
VisualStudioVersion = 14.0.23107.0
MinimumVisualStudioVersion = 10.0.40219.1
Project("{FAE04EC0-301F-11D3-BF4B-00C04F79EFBC}") = "Jailbreak", "Jailbreak\Jailbreak\Jailbreak.csproj", "{30D40F20-51C5-4208-AD42-F5CD7D840784}"
EndProject
Project("{FAE04EC0-301F-11D3-BF4B-00C04F79EFBC}") = "Jailbreak.iOS", "Jailbreak\Jailbreak.iOS\Jailbreak.iOS.csproj", "{0231CA38-59BB-4858-8595-4DF2A4B2CBA8}"
EndProject
Project("{FAE04EC0-301F-11D3-BF4B-00C04F79EFBC}") = "Jailbreak.Droid", "Jailbreak\Jailbreak.Droid\Jailbreak.Droid.csproj", "{19B41629-2697-41E6-B9EE-884903C95F43}"
EndProject
Project("{FAE04EC0-301F-11D3-BF4B-00C04F79EFBC}") = "Jailbreak.WinPhone", "Jailbreak\Jailbreak.WinPhone\Jailbreak.WinPhone.csproj", "{2DB06BCD-1415-4126-8CC4-740F13BE4603}"
EndProject
Global
	GlobalSection(SolutionConfigurationPlatforms) = preSolution
		Ad-Hoc|Any CPU = Ad-Hoc|Any CPU
		Ad-Hoc|ARM = Ad-Hoc|ARM
		Ad-Hoc|Droid = Ad-Hoc|Droid
		Ad-Hoc|iPhone = Ad-Hoc|iPhone
		Ad-Hoc|iPhoneSimulator = Ad-Hoc|iPhoneSimulator
		Ad-Hoc|WinPhone = Ad-Hoc|WinPhone
		Ad-Hoc|x86 = Ad-Hoc|x86
		AppStore|Any CPU = AppStore|Any CPU
		AppStore|ARM = AppStore|ARM
		AppStore|Droid = AppStore|Droid
		AppStore|iPhone = AppStore|iPhone
		AppStore|iPhoneSimulator = AppStore|iPhoneSimulator
		AppStore|WinPhone = AppStore|WinPhone
		AppStore|x86 = AppStore|x86
		Debug|Any CPU = Debug|Any CPU
		Debug|ARM = Debug|ARM
		Debug|Droid = Debug|Droid
		Debug|iPhone = Debug|iPhone
		Debug|iPhoneSimulator = Debug|iPhoneSimulator
		Debug|WinPhone = Debug|WinPhone
		Debug|x86 = Debug|x86
		Release|Any CPU = Release|Any CPU
		Release|ARM = Release|ARM
		Release|Droid = Release|Droid
		Release|iPhone = Release|iPhone
		Release|iPhoneSimulator = Release|iPhoneSimulator
		Release|WinPhone = Release|WinPhone
		Release|x86 = Release|x86
	EndGlobalSection
	GlobalSection(ProjectConfigurationPlatforms) = postSolution
		{0231CA38-59BB-4858-8595-4DF2A4B2CBA8}.Ad-Hoc|Any CPU.ActiveCfg = Ad-Hoc|iPhone
		{0231CA38-59BB-4858-8595-4DF2A4B2CBA8}.Ad-Hoc|ARM.ActiveCfg = Ad-Hoc|iPhone
		{0231CA38-59BB-4858-8595-4DF2A4B2CBA8}.Ad-Hoc|Droid.ActiveCfg = Ad-Hoc|iPhone
		{0231CA38-59BB-4858-8595-4DF2A4B2CBA8}.Ad-Hoc|iPhone.ActiveCfg = Ad-Hoc|iPhone
		{0231CA38-59BB-4858-8595-4DF2A4B2CBA8}.Ad-Hoc|iPhone.Build.0 = Ad-Hoc|iPhone
		{0231CA38-59BB-4858-8595-4DF2A4B2CBA8}.Ad-Hoc|iPhoneSimulator.ActiveCfg = Ad-Hoc|iPhoneSimulator
		{0231CA38-59BB-4858-8595-4DF2A4B2CBA8}.Ad-Hoc|iPhoneSimulator.Build.0 = Ad-Hoc|iPhoneSimulator
		{0231CA38-59BB-4858-8595-4DF2A4B2CBA8}.Ad-Hoc|WinPhone.ActiveCfg = Ad-Hoc|iPhone
		{0231CA38-59BB-4858-8595-4DF2A4B2CBA8}.Ad-Hoc|x86.ActiveCfg = Ad-Hoc|iPhone
		{0231CA38-59BB-4858-8595-4DF2A4B2CBA8}.AppStore|Any CPU.ActiveCfg = AppStore|iPhone
		{0231CA38-59BB-4858-8595-4DF2A4B2CBA8}.AppStore|ARM.ActiveCfg = AppStore|iPhone
		{0231CA38-59BB-4858-8595-4DF2A4B2CBA8}.AppStore|Droid.ActiveCfg = AppStore|iPhone
		{0231CA38-59BB-4858-8595-4DF2A4B2CBA8}.AppStore|iPhone.ActiveCfg = AppStore|iPhone
		{0231CA38-59BB-4858-8595-4DF2A4B2CBA8}.AppStore|iPhone.Build.0 = AppStore|iPhone
		{0231CA38-59BB-4858-8595-4DF2A4B2CBA8}.AppStore|iPhoneSimulator.ActiveCfg = AppStore|iPhoneSimulator
		{0231CA38-59BB-4858-8595-4DF2A4B2CBA8}.AppStore|iPhoneSimulator.Build.0 = AppStore|iPhoneSimulator
		{0231CA38-59BB-4858-8595-4DF2A4B2CBA8}.AppStore|WinPhone.ActiveCfg = AppStore|iPhone
		{0231CA38-59BB-4858-8595-4DF2A4B2CBA8}.AppStore|x86.ActiveCfg = AppStore|iPhone
		{0231CA38-59BB-4858-8595-4DF2A4B2CBA8}.Debug|Any CPU.ActiveCfg = Debug|iPhone
		{0231CA38-59BB-4858-8595-4DF2A4B2CBA8}.Debug|ARM.ActiveCfg = Debug|iPhone
		{0231CA38-59BB-4858-8595-4DF2A4B2CBA8}.Debug|Droid.ActiveCfg = Debug|iPhone
		{0231CA38-59BB-4858-8595-4DF2A4B2CBA8}.Debug|iPhone.ActiveCfg = Debug|iPhone
		{0231CA38-59BB-4858-8595-4DF2A4B2CBA8}.Debug|iPhone.Build.0 = Debug|iPhone
		{0231CA38-59BB-4858-8595-4DF2A4B2CBA8}.Debug|iPhoneSimulator.ActiveCfg = Debug|iPhoneSimulator
		{0231CA38-59BB-4858-8595-4DF2A4B2CBA8}.Debug|iPhoneSimulator.Build.0 = Debug|iPhoneSimulator
		{0231CA38-59BB-4858-8595-4DF2A4B2CBA8}.Debug|WinPhone.ActiveCfg = Debug|iPhone
		{0231CA38-59BB-4858-8595-4DF2A4B2CBA8}.Debug|x86.ActiveCfg = Debug|iPhone
		{0231CA38-59BB-4858-8595-4DF2A4B2CBA8}.Release|Any CPU.ActiveCfg = Release|iPhone
		{0231CA38-59BB-4858-8595-4DF2A4B2CBA8}.Release|ARM.ActiveCfg = Release|iPhone
		{0231CA38-59BB-4858-8595-4DF2A4B2CBA8}.Release|Droid.ActiveCfg = Release|iPhone
		{0231CA38-59BB-4858-8595-4DF2A4B2CBA8}.Release|iPhone.ActiveCfg = Release|iPhone
		{0231CA38-59BB-4858-8595-4DF2A4B2CBA8}.Release|iPhone.Build.0 = Release|iPhone
		{0231CA38-59BB-4858-8595-4DF2A4B2CBA8}.Release|iPhoneSimulator.ActiveCfg = Release|iPhoneSimulator
		{0231CA38-59BB-4858-8595-4DF2A4B2CBA8}.Release|iPhoneSimulator.Build.0 = Release|iPhoneSimulator
		{0231CA38-59BB-4858-8595-4DF2A4B2CBA8}.Release|WinPhone.ActiveCfg = Release|iPhone
		{0231CA38-59BB-4858-8595-4DF2A4B2CBA8}.Release|x86.ActiveCfg = Release|iPhone
		{19B41629-2697-41E6-B9EE-884903C95F43}.Ad-Hoc|Any CPU.ActiveCfg = Release|Any CPU
		{19B41629-2697-41E6-B9EE-884903C95F43}.Ad-Hoc|Any CPU.Build.0 = Release|Any CPU
		{19B41629-2697-41E6-B9EE-884903C95F43}.Ad-Hoc|Any CPU.Deploy.0 = Release|Any CPU
		{19B41629-2697-41E6-B9EE-884903C95F43}.Ad-Hoc|ARM.ActiveCfg = Release|Any CPU
		{19B41629-2697-41E6-B9EE-884903C95F43}.Ad-Hoc|ARM.Build.0 = Release|Any CPU
		{19B41629-2697-41E6-B9EE-884903C95F43}.Ad-Hoc|ARM.Deploy.0 = Release|Any CPU
		{19B41629-2697-41E6-B9EE-884903C95F43}.Ad-Hoc|Droid.ActiveCfg = Release|Any CPU
		{19B41629-2697-41E6-B9EE-884903C95F43}.Ad-Hoc|Droid.Build.0 = Release|Any CPU
		{19B41629-2697-41E6-B9EE-884903C95F43}.Ad-Hoc|Droid.Deploy.0 = Release|Any CPU
		{19B41629-2697-41E6-B9EE-884903C95F43}.Ad-Hoc|iPhone.ActiveCfg = Release|Any CPU
		{19B41629-2697-41E6-B9EE-884903C95F43}.Ad-Hoc|iPhone.Build.0 = Release|Any CPU
		{19B41629-2697-41E6-B9EE-884903C95F43}.Ad-Hoc|iPhone.Deploy.0 = Release|Any CPU
		{19B41629-2697-41E6-B9EE-884903C95F43}.Ad-Hoc|iPhoneSimulator.ActiveCfg = Release|Any CPU
		{19B41629-2697-41E6-B9EE-884903C95F43}.Ad-Hoc|iPhoneSimulator.Build.0 = Release|Any CPU
		{19B41629-2697-41E6-B9EE-884903C95F43}.Ad-Hoc|iPhoneSimulator.Deploy.0 = Release|Any CPU
		{19B41629-2697-41E6-B9EE-884903C95F43}.Ad-Hoc|WinPhone.ActiveCfg = Release|Any CPU
		{19B41629-2697-41E6-B9EE-884903C95F43}.Ad-Hoc|WinPhone.Build.0 = Release|Any CPU
		{19B41629-2697-41E6-B9EE-884903C95F43}.Ad-Hoc|WinPhone.Deploy.0 = Release|Any CPU
		{19B41629-2697-41E6-B9EE-884903C95F43}.Ad-Hoc|x86.ActiveCfg = Release|Any CPU
		{19B41629-2697-41E6-B9EE-884903C95F43}.Ad-Hoc|x86.Build.0 = Release|Any CPU
		{19B41629-2697-41E6-B9EE-884903C95F43}.Ad-Hoc|x86.Deploy.0 = Release|Any CPU
		{19B41629-2697-41E6-B9EE-884903C95F43}.AppStore|Any CPU.ActiveCfg = Release|Any CPU
		{19B41629-2697-41E6-B9EE-884903C95F43}.AppStore|Any CPU.Build.0 = Release|Any CPU
		{19B41629-2697-41E6-B9EE-884903C95F43}.AppStore|Any CPU.Deploy.0 = Release|Any CPU
		{19B41629-2697-41E6-B9EE-884903C95F43}.AppStore|ARM.ActiveCfg = Release|Any CPU
		{19B41629-2697-41E6-B9EE-884903C95F43}.AppStore|ARM.Build.0 = Release|Any CPU
		{19B41629-2697-41E6-B9EE-884903C95F43}.AppStore|ARM.Deploy.0 = Release|Any CPU
		{19B41629-2697-41E6-B9EE-884903C95F43}.AppStore|Droid.ActiveCfg = Release|Any CPU
		{19B41629-2697-41E6-B9EE-884903C95F43}.AppStore|Droid.Build.0 = Release|Any CPU
		{19B41629-2697-41E6-B9EE-884903C95F43}.AppStore|Droid.Deploy.0 = Release|Any CPU
		{19B41629-2697-41E6-B9EE-884903C95F43}.AppStore|iPhone.ActiveCfg = Release|Any CPU
		{19B41629-2697-41E6-B9EE-884903C95F43}.AppStore|iPhone.Build.0 = Release|Any CPU
		{19B41629-2697-41E6-B9EE-884903C95F43}.AppStore|iPhone.Deploy.0 = Release|Any CPU
		{19B41629-2697-41E6-B9EE-884903C95F43}.AppStore|iPhoneSimulator.ActiveCfg = Release|Any CPU
		{19B41629-2697-41E6-B9EE-884903C95F43}.AppStore|iPhoneSimulator.Build.0 = Release|Any CPU
		{19B41629-2697-41E6-B9EE-884903C95F43}.AppStore|iPhoneSimulator.Deploy.0 = Release|Any CPU
		{19B41629-2697-41E6-B9EE-884903C95F43}.AppStore|WinPhone.ActiveCfg = Release|Any CPU
		{19B41629-2697-41E6-B9EE-884903C95F43}.AppStore|WinPhone.Build.0 = Release|Any CPU
		{19B41629-2697-41E6-B9EE-884903C95F43}.AppStore|WinPhone.Deploy.0 = Release|Any CPU
		{19B41629-2697-41E6-B9EE-884903C95F43}.AppStore|x86.ActiveCfg = Release|Any CPU
		{19B41629-2697-41E6-B9EE-884903C95F43}.AppStore|x86.Build.0 = Release|Any CPU
		{19B41629-2697-41E6-B9EE-884903C95F43}.AppStore|x86.Deploy.0 = Release|Any CPU
		{19B41629-2697-41E6-B9EE-884903C95F43}.Debug|Any CPU.ActiveCfg = Debug|Any CPU
		{19B41629-2697-41E6-B9EE-884903C95F43}.Debug|Any CPU.Build.0 = Debug|Any CPU
		{19B41629-2697-41E6-B9EE-884903C95F43}.Debug|Any CPU.Deploy.0 = Debug|Any CPU
		{19B41629-2697-41E6-B9EE-884903C95F43}.Debug|ARM.ActiveCfg = Debug|Any CPU
		{19B41629-2697-41E6-B9EE-884903C95F43}.Debug|ARM.Build.0 = Debug|Any CPU
		{19B41629-2697-41E6-B9EE-884903C95F43}.Debug|ARM.Deploy.0 = Debug|Any CPU
		{19B41629-2697-41E6-B9EE-884903C95F43}.Debug|Droid.ActiveCfg = Debug|Any CPU
		{19B41629-2697-41E6-B9EE-884903C95F43}.Debug|Droid.Build.0 = Debug|Any CPU
		{19B41629-2697-41E6-B9EE-884903C95F43}.Debug|Droid.Deploy.0 = Debug|Any CPU
		{19B41629-2697-41E6-B9EE-884903C95F43}.Debug|iPhone.ActiveCfg = Debug|Any CPU
		{19B41629-2697-41E6-B9EE-884903C95F43}.Debug|iPhone.Build.0 = Debug|Any CPU
		{19B41629-2697-41E6-B9EE-884903C95F43}.Debug|iPhone.Deploy.0 = Debug|Any CPU
		{19B41629-2697-41E6-B9EE-884903C95F43}.Debug|iPhoneSimulator.ActiveCfg = Debug|Any CPU
		{19B41629-2697-41E6-B9EE-884903C95F43}.Debug|iPhoneSimulator.Build.0 = Debug|Any CPU
		{19B41629-2697-41E6-B9EE-884903C95F43}.Debug|iPhoneSimulator.Deploy.0 = Debug|Any CPU
		{19B41629-2697-41E6-B9EE-884903C95F43}.Debug|WinPhone.ActiveCfg = Debug|Any CPU
		{19B41629-2697-41E6-B9EE-884903C95F43}.Debug|x86.ActiveCfg = Debug|Any CPU
		{19B41629-2697-41E6-B9EE-884903C95F43}.Debug|x86.Build.0 = Debug|Any CPU
		{19B41629-2697-41E6-B9EE-884903C95F43}.Debug|x86.Deploy.0 = Debug|Any CPU
		{19B41629-2697-41E6-B9EE-884903C95F43}.Release|Any CPU.ActiveCfg = Release|Any CPU
		{19B41629-2697-41E6-B9EE-884903C95F43}.Release|Any CPU.Build.0 = Release|Any CPU
		{19B41629-2697-41E6-B9EE-884903C95F43}.Release|Any CPU.Deploy.0 = Release|Any CPU
		{19B41629-2697-41E6-B9EE-884903C95F43}.Release|ARM.ActiveCfg = Release|Any CPU
		{19B41629-2697-41E6-B9EE-884903C95F43}.Release|ARM.Build.0 = Release|Any CPU
		{19B41629-2697-41E6-B9EE-884903C95F43}.Release|ARM.Deploy.0 = Release|Any CPU
		{19B41629-2697-41E6-B9EE-884903C95F43}.Release|Droid.ActiveCfg = Release|Any CPU
		{19B41629-2697-41E6-B9EE-884903C95F43}.Release|Droid.Build.0 = Release|Any CPU
		{19B41629-2697-41E6-B9EE-884903C95F43}.Release|Droid.Deploy.0 = Release|Any CPU
		{19B41629-2697-41E6-B9EE-884903C95F43}.Release|iPhone.ActiveCfg = Release|Any CPU
		{19B41629-2697-41E6-B9EE-884903C95F43}.Release|iPhone.Build.0 = Release|Any CPU
		{19B41629-2697-41E6-B9EE-884903C95F43}.Release|iPhone.Deploy.0 = Release|Any CPU
		{19B41629-2697-41E6-B9EE-884903C95F43}.Release|iPhoneSimulator.ActiveCfg = Release|Any CPU
		{19B41629-2697-41E6-B9EE-884903C95F43}.Release|iPhoneSimulator.Build.0 = Release|Any CPU
		{19B41629-2697-41E6-B9EE-884903C95F43}.Release|iPhoneSimulator.Deploy.0 = Release|Any CPU
		{19B41629-2697-41E6-B9EE-884903C95F43}.Release|WinPhone.ActiveCfg = Release|Any CPU
		{19B41629-2697-41E6-B9EE-884903C95F43}.Release|WinPhone.Build.0 = Release|Any CPU
		{19B41629-2697-41E6-B9EE-884903C95F43}.Release|WinPhone.Deploy.0 = Release|Any CPU
		{19B41629-2697-41E6-B9EE-884903C95F43}.Release|x86.ActiveCfg = Release|Any CPU
		{19B41629-2697-41E6-B9EE-884903C95F43}.Release|x86.Build.0 = Release|Any CPU
		{19B41629-2697-41E6-B9EE-884903C95F43}.Release|x86.Deploy.0 = Release|Any CPU
		{2DB06BCD-1415-4126-8CC4-740F13BE4603}.Ad-Hoc|Any CPU.ActiveCfg = Release|Any CPU
		{2DB06BCD-1415-4126-8CC4-740F13BE4603}.Ad-Hoc|Any CPU.Build.0 = Release|Any CPU
		{2DB06BCD-1415-4126-8CC4-740F13BE4603}.Ad-Hoc|Any CPU.Deploy.0 = Release|Any CPU
		{2DB06BCD-1415-4126-8CC4-740F13BE4603}.Ad-Hoc|ARM.ActiveCfg = Release|ARM
		{2DB06BCD-1415-4126-8CC4-740F13BE4603}.Ad-Hoc|ARM.Build.0 = Release|ARM
		{2DB06BCD-1415-4126-8CC4-740F13BE4603}.Ad-Hoc|ARM.Deploy.0 = Release|ARM
		{2DB06BCD-1415-4126-8CC4-740F13BE4603}.Ad-Hoc|Droid.ActiveCfg = Release|Any CPU
		{2DB06BCD-1415-4126-8CC4-740F13BE4603}.Ad-Hoc|Droid.Build.0 = Release|Any CPU
		{2DB06BCD-1415-4126-8CC4-740F13BE4603}.Ad-Hoc|Droid.Deploy.0 = Release|Any CPU
		{2DB06BCD-1415-4126-8CC4-740F13BE4603}.Ad-Hoc|iPhone.ActiveCfg = Release|Any CPU
		{2DB06BCD-1415-4126-8CC4-740F13BE4603}.Ad-Hoc|iPhone.Build.0 = Release|Any CPU
		{2DB06BCD-1415-4126-8CC4-740F13BE4603}.Ad-Hoc|iPhone.Deploy.0 = Release|Any CPU
		{2DB06BCD-1415-4126-8CC4-740F13BE4603}.Ad-Hoc|iPhoneSimulator.ActiveCfg = Release|Any CPU
		{2DB06BCD-1415-4126-8CC4-740F13BE4603}.Ad-Hoc|iPhoneSimulator.Build.0 = Release|Any CPU
		{2DB06BCD-1415-4126-8CC4-740F13BE4603}.Ad-Hoc|iPhoneSimulator.Deploy.0 = Release|Any CPU
		{2DB06BCD-1415-4126-8CC4-740F13BE4603}.Ad-Hoc|WinPhone.ActiveCfg = Release|Any CPU
		{2DB06BCD-1415-4126-8CC4-740F13BE4603}.Ad-Hoc|WinPhone.Build.0 = Release|Any CPU
		{2DB06BCD-1415-4126-8CC4-740F13BE4603}.Ad-Hoc|WinPhone.Deploy.0 = Release|Any CPU
		{2DB06BCD-1415-4126-8CC4-740F13BE4603}.Ad-Hoc|x86.ActiveCfg = Release|x86
		{2DB06BCD-1415-4126-8CC4-740F13BE4603}.Ad-Hoc|x86.Build.0 = Release|x86
		{2DB06BCD-1415-4126-8CC4-740F13BE4603}.Ad-Hoc|x86.Deploy.0 = Release|x86
		{2DB06BCD-1415-4126-8CC4-740F13BE4603}.AppStore|Any CPU.ActiveCfg = Release|Any CPU
		{2DB06BCD-1415-4126-8CC4-740F13BE4603}.AppStore|Any CPU.Build.0 = Release|Any CPU
		{2DB06BCD-1415-4126-8CC4-740F13BE4603}.AppStore|Any CPU.Deploy.0 = Release|Any CPU
		{2DB06BCD-1415-4126-8CC4-740F13BE4603}.AppStore|ARM.ActiveCfg = Release|ARM
		{2DB06BCD-1415-4126-8CC4-740F13BE4603}.AppStore|ARM.Build.0 = Release|ARM
		{2DB06BCD-1415-4126-8CC4-740F13BE4603}.AppStore|ARM.Deploy.0 = Release|ARM
		{2DB06BCD-1415-4126-8CC4-740F13BE4603}.AppStore|Droid.ActiveCfg = Release|Any CPU
		{2DB06BCD-1415-4126-8CC4-740F13BE4603}.AppStore|Droid.Build.0 = Release|Any CPU
		{2DB06BCD-1415-4126-8CC4-740F13BE4603}.AppStore|Droid.Deploy.0 = Release|Any CPU
		{2DB06BCD-1415-4126-8CC4-740F13BE4603}.AppStore|iPhone.ActiveCfg = Release|Any CPU
		{2DB06BCD-1415-4126-8CC4-740F13BE4603}.AppStore|iPhone.Build.0 = Release|Any CPU
		{2DB06BCD-1415-4126-8CC4-740F13BE4603}.AppStore|iPhone.Deploy.0 = Release|Any CPU
		{2DB06BCD-1415-4126-8CC4-740F13BE4603}.AppStore|iPhoneSimulator.ActiveCfg = Release|Any CPU
		{2DB06BCD-1415-4126-8CC4-740F13BE4603}.AppStore|iPhoneSimulator.Build.0 = Release|Any CPU
		{2DB06BCD-1415-4126-8CC4-740F13BE4603}.AppStore|iPhoneSimulator.Deploy.0 = Release|Any CPU
		{2DB06BCD-1415-4126-8CC4-740F13BE4603}.AppStore|WinPhone.ActiveCfg = Release|Any CPU
		{2DB06BCD-1415-4126-8CC4-740F13BE4603}.AppStore|WinPhone.Build.0 = Release|Any CPU
		{2DB06BCD-1415-4126-8CC4-740F13BE4603}.AppStore|WinPhone.Deploy.0 = Release|Any CPU
		{2DB06BCD-1415-4126-8CC4-740F13BE4603}.AppStore|x86.ActiveCfg = Release|x86
		{2DB06BCD-1415-4126-8CC4-740F13BE4603}.AppStore|x86.Build.0 = Release|x86
		{2DB06BCD-1415-4126-8CC4-740F13BE4603}.AppStore|x86.Deploy.0 = Release|x86
		{2DB06BCD-1415-4126-8CC4-740F13BE4603}.Debug|Any CPU.ActiveCfg = Debug|Any CPU
		{2DB06BCD-1415-4126-8CC4-740F13BE4603}.Debug|Any CPU.Build.0 = Debug|Any CPU
		{2DB06BCD-1415-4126-8CC4-740F13BE4603}.Debug|Any CPU.Deploy.0 = Debug|Any CPU
		{2DB06BCD-1415-4126-8CC4-740F13BE4603}.Debug|ARM.ActiveCfg = Debug|ARM
		{2DB06BCD-1415-4126-8CC4-740F13BE4603}.Debug|ARM.Build.0 = Debug|ARM
		{2DB06BCD-1415-4126-8CC4-740F13BE4603}.Debug|ARM.Deploy.0 = Debug|ARM
		{2DB06BCD-1415-4126-8CC4-740F13BE4603}.Debug|Droid.ActiveCfg = Debug|Any CPU
		{2DB06BCD-1415-4126-8CC4-740F13BE4603}.Debug|iPhone.ActiveCfg = Debug|Any CPU
		{2DB06BCD-1415-4126-8CC4-740F13BE4603}.Debug|iPhone.Build.0 = Debug|Any CPU
		{2DB06BCD-1415-4126-8CC4-740F13BE4603}.Debug|iPhone.Deploy.0 = Debug|Any CPU
		{2DB06BCD-1415-4126-8CC4-740F13BE4603}.Debug|iPhoneSimulator.ActiveCfg = Debug|Any CPU
		{2DB06BCD-1415-4126-8CC4-740F13BE4603}.Debug|iPhoneSimulator.Build.0 = Debug|Any CPU
		{2DB06BCD-1415-4126-8CC4-740F13BE4603}.Debug|iPhoneSimulator.Deploy.0 = Debug|Any CPU
		{2DB06BCD-1415-4126-8CC4-740F13BE4603}.Debug|WinPhone.ActiveCfg = Debug|x86
		{2DB06BCD-1415-4126-8CC4-740F13BE4603}.Debug|WinPhone.Build.0 = Debug|x86
		{2DB06BCD-1415-4126-8CC4-740F13BE4603}.Debug|WinPhone.Deploy.0 = Debug|x86
		{2DB06BCD-1415-4126-8CC4-740F13BE4603}.Debug|x86.ActiveCfg = Debug|x86
		{2DB06BCD-1415-4126-8CC4-740F13BE4603}.Debug|x86.Build.0 = Debug|x86
		{2DB06BCD-1415-4126-8CC4-740F13BE4603}.Debug|x86.Deploy.0 = Debug|x86
		{2DB06BCD-1415-4126-8CC4-740F13BE4603}.Release|Any CPU.ActiveCfg = Release|Any CPU
		{2DB06BCD-1415-4126-8CC4-740F13BE4603}.Release|Any CPU.Build.0 = Release|Any CPU
		{2DB06BCD-1415-4126-8CC4-740F13BE4603}.Release|Any CPU.Deploy.0 = Release|Any CPU
		{2DB06BCD-1415-4126-8CC4-740F13BE4603}.Release|ARM.ActiveCfg = Release|ARM
		{2DB06BCD-1415-4126-8CC4-740F13BE4603}.Release|ARM.Build.0 = Release|ARM
		{2DB06BCD-1415-4126-8CC4-740F13BE4603}.Release|ARM.Deploy.0 = Release|ARM
		{2DB06BCD-1415-4126-8CC4-740F13BE4603}.Release|Droid.ActiveCfg = Release|Any CPU
		{2DB06BCD-1415-4126-8CC4-740F13BE4603}.Release|Droid.Build.0 = Release|Any CPU
		{2DB06BCD-1415-4126-8CC4-740F13BE4603}.Release|Droid.Deploy.0 = Release|Any CPU
		{2DB06BCD-1415-4126-8CC4-740F13BE4603}.Release|iPhone.ActiveCfg = Release|Any CPU
		{2DB06BCD-1415-4126-8CC4-740F13BE4603}.Release|iPhone.Build.0 = Release|Any CPU
		{2DB06BCD-1415-4126-8CC4-740F13BE4603}.Release|iPhone.Deploy.0 = Release|Any CPU
		{2DB06BCD-1415-4126-8CC4-740F13BE4603}.Release|iPhoneSimulator.ActiveCfg = Release|Any CPU
		{2DB06BCD-1415-4126-8CC4-740F13BE4603}.Release|iPhoneSimulator.Build.0 = Release|Any CPU
		{2DB06BCD-1415-4126-8CC4-740F13BE4603}.Release|iPhoneSimulator.Deploy.0 = Release|Any CPU
		{2DB06BCD-1415-4126-8CC4-740F13BE4603}.Release|WinPhone.ActiveCfg = Release|Any CPU
		{2DB06BCD-1415-4126-8CC4-740F13BE4603}.Release|WinPhone.Build.0 = Release|Any CPU
		{2DB06BCD-1415-4126-8CC4-740F13BE4603}.Release|WinPhone.Deploy.0 = Release|Any CPU
		{2DB06BCD-1415-4126-8CC4-740F13BE4603}.Release|x86.ActiveCfg = Release|x86
		{2DB06BCD-1415-4126-8CC4-740F13BE4603}.Release|x86.Build.0 = Release|x86
		{2DB06BCD-1415-4126-8CC4-740F13BE4603}.Release|x86.Deploy.0 = Release|x86
		{30D40F20-51C5-4208-AD42-F5CD7D840784}.Ad-Hoc|Any CPU.ActiveCfg = Release|Any CPU
		{30D40F20-51C5-4208-AD42-F5CD7D840784}.Ad-Hoc|Any CPU.Build.0 = Release|Any CPU
		{30D40F20-51C5-4208-AD42-F5CD7D840784}.Ad-Hoc|ARM.ActiveCfg = Release|Any CPU
		{30D40F20-51C5-4208-AD42-F5CD7D840784}.Ad-Hoc|ARM.Build.0 = Release|Any CPU
		{30D40F20-51C5-4208-AD42-F5CD7D840784}.Ad-Hoc|Droid.ActiveCfg = Release|Any CPU
		{30D40F20-51C5-4208-AD42-F5CD7D840784}.Ad-Hoc|Droid.Build.0 = Release|Any CPU
		{30D40F20-51C5-4208-AD42-F5CD7D840784}.Ad-Hoc|iPhone.ActiveCfg = Release|Any CPU
		{30D40F20-51C5-4208-AD42-F5CD7D840784}.Ad-Hoc|iPhone.Build.0 = Release|Any CPU
		{30D40F20-51C5-4208-AD42-F5CD7D840784}.Ad-Hoc|iPhoneSimulator.ActiveCfg = Release|Any CPU
		{30D40F20-51C5-4208-AD42-F5CD7D840784}.Ad-Hoc|iPhoneSimulator.Build.0 = Release|Any CPU
		{30D40F20-51C5-4208-AD42-F5CD7D840784}.Ad-Hoc|WinPhone.ActiveCfg = Release|Any CPU
		{30D40F20-51C5-4208-AD42-F5CD7D840784}.Ad-Hoc|WinPhone.Build.0 = Release|Any CPU
		{30D40F20-51C5-4208-AD42-F5CD7D840784}.Ad-Hoc|x86.ActiveCfg = Release|Any CPU
		{30D40F20-51C5-4208-AD42-F5CD7D840784}.Ad-Hoc|x86.Build.0 = Release|Any CPU
		{30D40F20-51C5-4208-AD42-F5CD7D840784}.AppStore|Any CPU.ActiveCfg = Release|Any CPU
		{30D40F20-51C5-4208-AD42-F5CD7D840784}.AppStore|Any CPU.Build.0 = Release|Any CPU
		{30D40F20-51C5-4208-AD42-F5CD7D840784}.AppStore|ARM.ActiveCfg = Release|Any CPU
		{30D40F20-51C5-4208-AD42-F5CD7D840784}.AppStore|ARM.Build.0 = Release|Any CPU
		{30D40F20-51C5-4208-AD42-F5CD7D840784}.AppStore|Droid.ActiveCfg = Release|Any CPU
		{30D40F20-51C5-4208-AD42-F5CD7D840784}.AppStore|Droid.Build.0 = Release|Any CPU
		{30D40F20-51C5-4208-AD42-F5CD7D840784}.AppStore|iPhone.ActiveCfg = Release|Any CPU
		{30D40F20-51C5-4208-AD42-F5CD7D840784}.AppStore|iPhone.Build.0 = Release|Any CPU
		{30D40F20-51C5-4208-AD42-F5CD7D840784}.AppStore|iPhoneSimulator.ActiveCfg = Release|Any CPU
		{30D40F20-51C5-4208-AD42-F5CD7D840784}.AppStore|iPhoneSimulator.Build.0 = Release|Any CPU
		{30D40F20-51C5-4208-AD42-F5CD7D840784}.AppStore|WinPhone.ActiveCfg = Release|Any CPU
		{30D40F20-51C5-4208-AD42-F5CD7D840784}.AppStore|WinPhone.Build.0 = Release|Any CPU
		{30D40F20-51C5-4208-AD42-F5CD7D840784}.AppStore|x86.ActiveCfg = Release|Any CPU
		{30D40F20-51C5-4208-AD42-F5CD7D840784}.AppStore|x86.Build.0 = Release|Any CPU
		{30D40F20-51C5-4208-AD42-F5CD7D840784}.Debug|Any CPU.ActiveCfg = Debug|Any CPU
		{30D40F20-51C5-4208-AD42-F5CD7D840784}.Debug|Any CPU.Build.0 = Debug|Any CPU
		{30D40F20-51C5-4208-AD42-F5CD7D840784}.Debug|ARM.ActiveCfg = Debug|Any CPU
		{30D40F20-51C5-4208-AD42-F5CD7D840784}.Debug|ARM.Build.0 = Debug|Any CPU
		{30D40F20-51C5-4208-AD42-F5CD7D840784}.Debug|Droid.ActiveCfg = Debug|Any CPU
		{30D40F20-51C5-4208-AD42-F5CD7D840784}.Debug|Droid.Build.0 = Debug|Any CPU
		{30D40F20-51C5-4208-AD42-F5CD7D840784}.Debug|iPhone.ActiveCfg = Debug|Any CPU
		{30D40F20-51C5-4208-AD42-F5CD7D840784}.Debug|iPhone.Build.0 = Debug|Any CPU
		{30D40F20-51C5-4208-AD42-F5CD7D840784}.Debug|iPhoneSimulator.ActiveCfg = Debug|Any CPU
		{30D40F20-51C5-4208-AD42-F5CD7D840784}.Debug|iPhoneSimulator.Build.0 = Debug|Any CPU
		{30D40F20-51C5-4208-AD42-F5CD7D840784}.Debug|WinPhone.ActiveCfg = Debug|Any CPU
		{30D40F20-51C5-4208-AD42-F5CD7D840784}.Debug|WinPhone.Build.0 = Debug|Any CPU
		{30D40F20-51C5-4208-AD42-F5CD7D840784}.Debug|x86.ActiveCfg = Debug|Any CPU
		{30D40F20-51C5-4208-AD42-F5CD7D840784}.Debug|x86.Build.0 = Debug|Any CPU
		{30D40F20-51C5-4208-AD42-F5CD7D840784}.Release|Any CPU.ActiveCfg = Release|Any CPU
		{30D40F20-51C5-4208-AD42-F5CD7D840784}.Release|Any CPU.Build.0 = Release|Any CPU
		{30D40F20-51C5-4208-AD42-F5CD7D840784}.Release|ARM.ActiveCfg = Release|Any CPU
		{30D40F20-51C5-4208-AD42-F5CD7D840784}.Release|ARM.Build.0 = Release|Any CPU
		{30D40F20-51C5-4208-AD42-F5CD7D840784}.Release|Droid.ActiveCfg = Release|Any CPU
		{30D40F20-51C5-4208-AD42-F5CD7D840784}.Release|Droid.Build.0 = Release|Any CPU
		{30D40F20-51C5-4208-AD42-F5CD7D840784}.Release|iPhone.ActiveCfg = Release|Any CPU
		{30D40F20-51C5-4208-AD42-F5CD7D840784}.Release|iPhone.Build.0 = Release|Any CPU
		{30D40F20-51C5-4208-AD42-F5CD7D840784}.Release|iPhoneSimulator.ActiveCfg = Release|Any CPU
		{30D40F20-51C5-4208-AD42-F5CD7D840784}.Release|iPhoneSimulator.Build.0 = Release|Any CPU
		{30D40F20-51C5-4208-AD42-F5CD7D840784}.Release|WinPhone.ActiveCfg = Release|Any CPU
		{30D40F20-51C5-4208-AD42-F5CD7D840784}.Release|WinPhone.Build.0 = Release|Any CPU
		{30D40F20-51C5-4208-AD42-F5CD7D840784}.Release|x86.ActiveCfg = Release|Any CPU
		{30D40F20-51C5-4208-AD42-F5CD7D840784}.Release|x86.Build.0 = Release|Any CPU
	EndGlobalSection
	GlobalSection(SolutionProperties) = preSolution
		HideSolutionNode = FALSE
	EndGlobalSection
EndGlobal
